
Microsoft Visual Studio Solution File, Format Version 12.00
# Visual Studio 15
VisualStudioVersion = 15.0.26228.4
MinimumVisualStudioVersion = 10.0.40219.1
Project("{F184B08F-C81C-45F6-A57F-5ABD9991F28F}") = "OMIM", "OMIM\OMIM.vbproj", "{334BA774-2FE7-4A20-B725-5AE6F6F7D246}"
EndProject
Project("{2150E333-8FDC-42A3-9474-1A3956D46DE8}") = "runtime", "runtime", "{BF25C6AC-7030-4872-859F-B7E38ECC17AF}"
EndProject
Project("{F184B08F-C81C-45F6-A57F-5ABD9991F28F}") = "CLI", "CLI\CLI.vbproj", "{F2A1294F-EBC7-4441-9C20-A6B75713BC9E}"
EndProject
Project("{F184B08F-C81C-45F6-A57F-5ABD9991F28F}") = "DrugBank", "..\DrugBank\DrugBank\DrugBank.vbproj", "{DB0548DC-D71D-4090-888A-07E249FDE9DE}"
EndProject
Project("{F184B08F-C81C-45F6-A57F-5ABD9991F28F}") = "Test", "..\Test\Test.vbproj", "{8446F244-12C1-4E03-A706-C14FE81A5676}"
EndProject
Global
	GlobalSection(SolutionConfigurationPlatforms) = preSolution
		Debug|Any CPU = Debug|Any CPU
		Debug|x64 = Debug|x64
		Debug|x86 = Debug|x86
		docs|Any CPU = docs|Any CPU
		docs|x64 = docs|x64
		docs|x86 = docs|x86
		Publish|Any CPU = Publish|Any CPU
		Publish|x64 = Publish|x64
		Publish|x86 = Publish|x86
		Release|Any CPU = Release|Any CPU
		Release|x64 = Release|x64
		Release|x86 = Release|x86
	EndGlobalSection
	GlobalSection(ProjectConfigurationPlatforms) = postSolution
		{334BA774-2FE7-4A20-B725-5AE6F6F7D246}.Debug|Any CPU.ActiveCfg = Debug|Any CPU
		{334BA774-2FE7-4A20-B725-5AE6F6F7D246}.Debug|Any CPU.Build.0 = Debug|Any CPU
		{334BA774-2FE7-4A20-B725-5AE6F6F7D246}.Debug|x64.ActiveCfg = Debug|x64
		{334BA774-2FE7-4A20-B725-5AE6F6F7D246}.Debug|x64.Build.0 = Debug|x64
		{334BA774-2FE7-4A20-B725-5AE6F6F7D246}.Debug|x86.ActiveCfg = Debug|Any CPU
		{334BA774-2FE7-4A20-B725-5AE6F6F7D246}.Debug|x86.Build.0 = Debug|Any CPU
		{334BA774-2FE7-4A20-B725-5AE6F6F7D246}.docs|Any CPU.ActiveCfg = Debug|Any CPU
		{334BA774-2FE7-4A20-B725-5AE6F6F7D246}.docs|Any CPU.Build.0 = Debug|Any CPU
		{334BA774-2FE7-4A20-B725-5AE6F6F7D246}.docs|x64.ActiveCfg = Debug|Any CPU
		{334BA774-2FE7-4A20-B725-5AE6F6F7D246}.docs|x64.Build.0 = Debug|Any CPU
		{334BA774-2FE7-4A20-B725-5AE6F6F7D246}.docs|x86.ActiveCfg = Debug|Any CPU
		{334BA774-2FE7-4A20-B725-5AE6F6F7D246}.docs|x86.Build.0 = Debug|Any CPU
		{334BA774-2FE7-4A20-B725-5AE6F6F7D246}.Publish|Any CPU.ActiveCfg = Release|Any CPU
		{334BA774-2FE7-4A20-B725-5AE6F6F7D246}.Publish|Any CPU.Build.0 = Release|Any CPU
		{334BA774-2FE7-4A20-B725-5AE6F6F7D246}.Publish|x64.ActiveCfg = Release|Any CPU
		{334BA774-2FE7-4A20-B725-5AE6F6F7D246}.Publish|x64.Build.0 = Release|Any CPU
		{334BA774-2FE7-4A20-B725-5AE6F6F7D246}.Publish|x86.ActiveCfg = Release|Any CPU
		{334BA774-2FE7-4A20-B725-5AE6F6F7D246}.Publish|x86.Build.0 = Release|Any CPU
		{334BA774-2FE7-4A20-B725-5AE6F6F7D246}.Release|Any CPU.ActiveCfg = Release|Any CPU
		{334BA774-2FE7-4A20-B725-5AE6F6F7D246}.Release|Any CPU.Build.0 = Release|Any CPU
		{334BA774-2FE7-4A20-B725-5AE6F6F7D246}.Release|x64.ActiveCfg = Release|Any CPU
		{334BA774-2FE7-4A20-B725-5AE6F6F7D246}.Release|x64.Build.0 = Release|Any CPU
		{334BA774-2FE7-4A20-B725-5AE6F6F7D246}.Release|x86.ActiveCfg = Release|Any CPU
		{334BA774-2FE7-4A20-B725-5AE6F6F7D246}.Release|x86.Build.0 = Release|Any CPU
		{F2A1294F-EBC7-4441-9C20-A6B75713BC9E}.Debug|Any CPU.ActiveCfg = Debug|Any CPU
		{F2A1294F-EBC7-4441-9C20-A6B75713BC9E}.Debug|Any CPU.Build.0 = Debug|Any CPU
		{F2A1294F-EBC7-4441-9C20-A6B75713BC9E}.Debug|x64.ActiveCfg = Debug|x64
		{F2A1294F-EBC7-4441-9C20-A6B75713BC9E}.Debug|x64.Build.0 = Debug|x64
		{F2A1294F-EBC7-4441-9C20-A6B75713BC9E}.Debug|x86.ActiveCfg = Debug|Any CPU
		{F2A1294F-EBC7-4441-9C20-A6B75713BC9E}.Debug|x86.Build.0 = Debug|Any CPU
		{F2A1294F-EBC7-4441-9C20-A6B75713BC9E}.docs|Any CPU.ActiveCfg = Debug|Any CPU
		{F2A1294F-EBC7-4441-9C20-A6B75713BC9E}.docs|Any CPU.Build.0 = Debug|Any CPU
		{F2A1294F-EBC7-4441-9C20-A6B75713BC9E}.docs|x64.ActiveCfg = Debug|Any CPU
		{F2A1294F-EBC7-4441-9C20-A6B75713BC9E}.docs|x64.Build.0 = Debug|Any CPU
		{F2A1294F-EBC7-4441-9C20-A6B75713BC9E}.docs|x86.ActiveCfg = Debug|Any CPU
		{F2A1294F-EBC7-4441-9C20-A6B75713BC9E}.docs|x86.Build.0 = Debug|Any CPU
		{F2A1294F-EBC7-4441-9C20-A6B75713BC9E}.Publish|Any CPU.ActiveCfg = Release|Any CPU
		{F2A1294F-EBC7-4441-9C20-A6B75713BC9E}.Publish|Any CPU.Build.0 = Release|Any CPU
		{F2A1294F-EBC7-4441-9C20-A6B75713BC9E}.Publish|x64.ActiveCfg = Release|Any CPU
		{F2A1294F-EBC7-4441-9C20-A6B75713BC9E}.Publish|x64.Build.0 = Release|Any CPU
		{F2A1294F-EBC7-4441-9C20-A6B75713BC9E}.Publish|x86.ActiveCfg = Release|Any CPU
		{F2A1294F-EBC7-4441-9C20-A6B75713BC9E}.Publish|x86.Build.0 = Release|Any CPU
		{F2A1294F-EBC7-4441-9C20-A6B75713BC9E}.Release|Any CPU.ActiveCfg = Release|Any CPU
		{F2A1294F-EBC7-4441-9C20-A6B75713BC9E}.Release|Any CPU.Build.0 = Release|Any CPU
		{F2A1294F-EBC7-4441-9C20-A6B75713BC9E}.Release|x64.ActiveCfg = Release|Any CPU
		{F2A1294F-EBC7-4441-9C20-A6B75713BC9E}.Release|x64.Build.0 = Release|Any CPU
		{F2A1294F-EBC7-4441-9C20-A6B75713BC9E}.Release|x86.ActiveCfg = Release|Any CPU
		{F2A1294F-EBC7-4441-9C20-A6B75713BC9E}.Release|x86.Build.0 = Release|Any CPU
		{DB0548DC-D71D-4090-888A-07E249FDE9DE}.Debug|Any CPU.ActiveCfg = Debug|Any CPU
		{DB0548DC-D71D-4090-888A-07E249FDE9DE}.Debug|Any CPU.Build.0 = Debug|Any CPU
		{DB0548DC-D71D-4090-888A-07E249FDE9DE}.Debug|x64.ActiveCfg = Debug|x64
		{DB0548DC-D71D-4090-888A-07E249FDE9DE}.Debug|x64.Build.0 = Debug|x64
		{DB0548DC-D71D-4090-888A-07E249FDE9DE}.Debug|x86.ActiveCfg = Debug|Any CPU
		{DB0548DC-D71D-4090-888A-07E249FDE9DE}.Debug|x86.Build.0 = Debug|Any CPU
		{DB0548DC-D71D-4090-888A-07E249FDE9DE}.docs|Any CPU.ActiveCfg = Debug|Any CPU
		{DB0548DC-D71D-4090-888A-07E249FDE9DE}.docs|Any CPU.Build.0 = Debug|Any CPU
		{DB0548DC-D71D-4090-888A-07E249FDE9DE}.docs|x64.ActiveCfg = Debug|Any CPU
		{DB0548DC-D71D-4090-888A-07E249FDE9DE}.docs|x64.Build.0 = Debug|Any CPU
		{DB0548DC-D71D-4090-888A-07E249FDE9DE}.docs|x86.ActiveCfg = Debug|Any CPU
		{DB0548DC-D71D-4090-888A-07E249FDE9DE}.docs|x86.Build.0 = Debug|Any CPU
		{DB0548DC-D71D-4090-888A-07E249FDE9DE}.Publish|Any CPU.ActiveCfg = Release|Any CPU
		{DB0548DC-D71D-4090-888A-07E249FDE9DE}.Publish|Any CPU.Build.0 = Release|Any CPU
		{DB0548DC-D71D-4090-888A-07E249FDE9DE}.Publish|x64.ActiveCfg = Release|Any CPU
		{DB0548DC-D71D-4090-888A-07E249FDE9DE}.Publish|x64.Build.0 = Release|Any CPU
		{DB0548DC-D71D-4090-888A-07E249FDE9DE}.Publish|x86.ActiveCfg = Release|Any CPU
		{DB0548DC-D71D-4090-888A-07E249FDE9DE}.Publish|x86.Build.0 = Release|Any CPU
		{DB0548DC-D71D-4090-888A-07E249FDE9DE}.Release|Any CPU.ActiveCfg = Release|Any CPU
		{DB0548DC-D71D-4090-888A-07E249FDE9DE}.Release|Any CPU.Build.0 = Release|Any CPU
		{DB0548DC-D71D-4090-888A-07E249FDE9DE}.Release|x64.ActiveCfg = Release|Any CPU
		{DB0548DC-D71D-4090-888A-07E249FDE9DE}.Release|x64.Build.0 = Release|Any CPU
		{DB0548DC-D71D-4090-888A-07E249FDE9DE}.Release|x86.ActiveCfg = Release|Any CPU
		{DB0548DC-D71D-4090-888A-07E249FDE9DE}.Release|x86.Build.0 = Release|Any CPU
		{8446F244-12C1-4E03-A706-C14FE81A5676}.Debug|Any CPU.ActiveCfg = Debug|Any CPU
		{8446F244-12C1-4E03-A706-C14FE81A5676}.Debug|Any CPU.Build.0 = Debug|Any CPU
		{8446F244-12C1-4E03-A706-C14FE81A5676}.Debug|x64.ActiveCfg = Debug|x64
		{8446F244-12C1-4E03-A706-C14FE81A5676}.Debug|x64.Build.0 = Debug|x64
		{8446F244-12C1-4E03-A706-C14FE81A5676}.Debug|x86.ActiveCfg = Debug|Any CPU
		{8446F244-12C1-4E03-A706-C14FE81A5676}.Debug|x86.Build.0 = Debug|Any CPU
		{8446F244-12C1-4E03-A706-C14FE81A5676}.docs|Any CPU.ActiveCfg = Debug|Any CPU
		{8446F244-12C1-4E03-A706-C14FE81A5676}.docs|Any CPU.Build.0 = Debug|Any CPU
		{8446F244-12C1-4E03-A706-C14FE81A5676}.docs|x64.ActiveCfg = Debug|Any CPU
		{8446F244-12C1-4E03-A706-C14FE81A5676}.docs|x64.Build.0 = Debug|Any CPU
		{8446F244-12C1-4E03-A706-C14FE81A5676}.docs|x86.ActiveCfg = Debug|Any CPU
		{8446F244-12C1-4E03-A706-C14FE81A5676}.docs|x86.Build.0 = Debug|Any CPU
		{8446F244-12C1-4E03-A706-C14FE81A5676}.Publish|Any CPU.ActiveCfg = Release|Any CPU
		{8446F244-12C1-4E03-A706-C14FE81A5676}.Publish|Any CPU.Build.0 = Release|Any CPU
		{8446F244-12C1-4E03-A706-C14FE81A5676}.Publish|x64.ActiveCfg = Release|Any CPU
		{8446F244-12C1-4E03-A706-C14FE81A5676}.Publish|x64.Build.0 = Release|Any CPU
		{8446F244-12C1-4E03-A706-C14FE81A5676}.Publish|x86.ActiveCfg = Release|Any CPU
		{8446F244-12C1-4E03-A706-C14FE81A5676}.Publish|x86.Build.0 = Release|Any CPU
		{8446F244-12C1-4E03-A706-C14FE81A5676}.Release|Any CPU.ActiveCfg = Release|Any CPU
		{8446F244-12C1-4E03-A706-C14FE81A5676}.Release|Any CPU.Build.0 = Release|Any CPU
		{8446F244-12C1-4E03-A706-C14FE81A5676}.Release|x64.ActiveCfg = Release|Any CPU
		{8446F244-12C1-4E03-A706-C14FE81A5676}.Release|x64.Build.0 = Release|Any CPU
		{8446F244-12C1-4E03-A706-C14FE81A5676}.Release|x86.ActiveCfg = Release|Any CPU
		{8446F244-12C1-4E03-A706-C14FE81A5676}.Release|x86.Build.0 = Release|Any CPU
	EndGlobalSection
	GlobalSection(SolutionProperties) = preSolution
		HideSolutionNode = FALSE
	EndGlobalSection
EndGlobal
