
Microsoft Visual Studio Solution File, Format Version 12.00
# Visual Studio 15
VisualStudioVersion = 15.0.26228.4
MinimumVisualStudioVersion = 10.0.40219.1
Project("{2150E333-8FDC-42A3-9474-1A3956D46DE8}") = "runtime", "runtime", "{BF25C6AC-7030-4872-859F-B7E38ECC17AF}"
EndProject
Project("{F184B08F-C81C-45F6-A57F-5ABD9991F28F}") = "DrugBank", "DrugBank.vbproj", "{DB0548DC-D71D-4090-888A-07E249FDE9DE}"
EndProject
Project("{F184B08F-C81C-45F6-A57F-5ABD9991F28F}") = "Test", "..\Test\Test.vbproj", "{8446F244-12C1-4E03-A706-C14FE81A5676}"
EndProject
Project("{F184B08F-C81C-45F6-A57F-5ABD9991F28F}") = "Cosmic", "..\Cosmic\Cosmic.vbproj", "{CFE2BFFA-32C6-4E60-9B19-BFA7387B8D92}"
EndProject
Project("{F184B08F-C81C-45F6-A57F-5ABD9991F28F}") = "+Microsoft.VisualBasic.Architecture.Framework", "..\..\GCModeller\src\runtime\sciBASIC#\Microsoft.VisualBasic.Architecture.Framework\+Microsoft.VisualBasic.Architecture.Framework.vbproj", "{FECCE1FD-E1D4-49E3-A668-60BB5E7AED99}"
EndProject
Project("{F184B08F-C81C-45F6-A57F-5ABD9991F28F}") = "LibMySQL", "..\..\GCModeller\src\runtime\visualbasic.DBI\LibMySQL\LibMySQL.vbproj", "{2C34A044-1BDE-44E8-A86E-E9971C87DA21}"
EndProject
Project("{F184B08F-C81C-45F6-A57F-5ABD9991F28F}") = "+VB_DataFrame", "..\..\GCModeller\src\runtime\sciBASIC#\Data\DataFrame\+VB_DataFrame.vbproj", "{7283C179-F852-4EAD-8D8F-B82EF2CBD7DB}"
EndProject
Project("{F184B08F-C81C-45F6-A57F-5ABD9991F28F}") = "CodeSolution", "..\..\GCModeller\src\runtime\visualbasic.DBI\CodeSolution\CodeSolution.vbproj", "{6FBB3D95-4D76-42B8-A991-A4BEED9831BC}"
EndProject
Project("{F184B08F-C81C-45F6-A57F-5ABD9991F28F}") = "cosmic-dump", "..\cosmic-dump\cosmic-dump.vbproj", "{D1774C01-3065-4E6B-BCF5-F7856FBDBDDE}"
EndProject
Global
	GlobalSection(SolutionConfigurationPlatforms) = preSolution
		Debug|Any CPU = Debug|Any CPU
		Debug|x64 = Debug|x64
		Debug|x86 = Debug|x86
		DEMO|Any CPU = DEMO|Any CPU
		DEMO|x64 = DEMO|x64
		DEMO|x86 = DEMO|x86
		docs|Any CPU = docs|Any CPU
		docs|x64 = docs|x64
		docs|x86 = docs|x86
		Publish|Any CPU = Publish|Any CPU
		Publish|x64 = Publish|x64
		Publish|x86 = Publish|x86
		Release|Any CPU = Release|Any CPU
		Release|x64 = Release|x64
		Release|x86 = Release|x86
		Release2|Any CPU = Release2|Any CPU
		Release2|x64 = Release2|x64
		Release2|x86 = Release2|x86
	EndGlobalSection
	GlobalSection(ProjectConfigurationPlatforms) = postSolution
		{DB0548DC-D71D-4090-888A-07E249FDE9DE}.Debug|Any CPU.ActiveCfg = Debug|Any CPU
		{DB0548DC-D71D-4090-888A-07E249FDE9DE}.Debug|Any CPU.Build.0 = Debug|Any CPU
		{DB0548DC-D71D-4090-888A-07E249FDE9DE}.Debug|x64.ActiveCfg = Debug|x64
		{DB0548DC-D71D-4090-888A-07E249FDE9DE}.Debug|x64.Build.0 = Debug|x64
		{DB0548DC-D71D-4090-888A-07E249FDE9DE}.Debug|x86.ActiveCfg = Debug|Any CPU
		{DB0548DC-D71D-4090-888A-07E249FDE9DE}.Debug|x86.Build.0 = Debug|Any CPU
		{DB0548DC-D71D-4090-888A-07E249FDE9DE}.DEMO|Any CPU.ActiveCfg = Debug|Any CPU
		{DB0548DC-D71D-4090-888A-07E249FDE9DE}.DEMO|Any CPU.Build.0 = Debug|Any CPU
		{DB0548DC-D71D-4090-888A-07E249FDE9DE}.DEMO|x64.ActiveCfg = Debug|x64
		{DB0548DC-D71D-4090-888A-07E249FDE9DE}.DEMO|x64.Build.0 = Debug|x64
		{DB0548DC-D71D-4090-888A-07E249FDE9DE}.DEMO|x86.ActiveCfg = Debug|Any CPU
		{DB0548DC-D71D-4090-888A-07E249FDE9DE}.DEMO|x86.Build.0 = Debug|Any CPU
		{DB0548DC-D71D-4090-888A-07E249FDE9DE}.docs|Any CPU.ActiveCfg = Debug|Any CPU
		{DB0548DC-D71D-4090-888A-07E249FDE9DE}.docs|Any CPU.Build.0 = Debug|Any CPU
		{DB0548DC-D71D-4090-888A-07E249FDE9DE}.docs|x64.ActiveCfg = Debug|Any CPU
		{DB0548DC-D71D-4090-888A-07E249FDE9DE}.docs|x64.Build.0 = Debug|Any CPU
		{DB0548DC-D71D-4090-888A-07E249FDE9DE}.docs|x86.ActiveCfg = Debug|Any CPU
		{DB0548DC-D71D-4090-888A-07E249FDE9DE}.docs|x86.Build.0 = Debug|Any CPU
		{DB0548DC-D71D-4090-888A-07E249FDE9DE}.Publish|Any CPU.ActiveCfg = Release|Any CPU
		{DB0548DC-D71D-4090-888A-07E249FDE9DE}.Publish|Any CPU.Build.0 = Release|Any CPU
		{DB0548DC-D71D-4090-888A-07E249FDE9DE}.Publish|x64.ActiveCfg = Release|Any CPU
		{DB0548DC-D71D-4090-888A-07E249FDE9DE}.Publish|x64.Build.0 = Release|Any CPU
		{DB0548DC-D71D-4090-888A-07E249FDE9DE}.Publish|x86.ActiveCfg = Release|Any CPU
		{DB0548DC-D71D-4090-888A-07E249FDE9DE}.Publish|x86.Build.0 = Release|Any CPU
		{DB0548DC-D71D-4090-888A-07E249FDE9DE}.Release|Any CPU.ActiveCfg = Release|Any CPU
		{DB0548DC-D71D-4090-888A-07E249FDE9DE}.Release|Any CPU.Build.0 = Release|Any CPU
		{DB0548DC-D71D-4090-888A-07E249FDE9DE}.Release|x64.ActiveCfg = Release|x64
		{DB0548DC-D71D-4090-888A-07E249FDE9DE}.Release|x64.Build.0 = Release|x64
		{DB0548DC-D71D-4090-888A-07E249FDE9DE}.Release|x86.ActiveCfg = Release|Any CPU
		{DB0548DC-D71D-4090-888A-07E249FDE9DE}.Release|x86.Build.0 = Release|Any CPU
		{DB0548DC-D71D-4090-888A-07E249FDE9DE}.Release2|Any CPU.ActiveCfg = Release|Any CPU
		{DB0548DC-D71D-4090-888A-07E249FDE9DE}.Release2|Any CPU.Build.0 = Release|Any CPU
		{DB0548DC-D71D-4090-888A-07E249FDE9DE}.Release2|x64.ActiveCfg = Release|x64
		{DB0548DC-D71D-4090-888A-07E249FDE9DE}.Release2|x64.Build.0 = Release|x64
		{DB0548DC-D71D-4090-888A-07E249FDE9DE}.Release2|x86.ActiveCfg = Release|Any CPU
		{DB0548DC-D71D-4090-888A-07E249FDE9DE}.Release2|x86.Build.0 = Release|Any CPU
		{8446F244-12C1-4E03-A706-C14FE81A5676}.Debug|Any CPU.ActiveCfg = Debug|Any CPU
		{8446F244-12C1-4E03-A706-C14FE81A5676}.Debug|Any CPU.Build.0 = Debug|Any CPU
		{8446F244-12C1-4E03-A706-C14FE81A5676}.Debug|x64.ActiveCfg = Debug|x64
		{8446F244-12C1-4E03-A706-C14FE81A5676}.Debug|x64.Build.0 = Debug|x64
		{8446F244-12C1-4E03-A706-C14FE81A5676}.Debug|x86.ActiveCfg = Debug|Any CPU
		{8446F244-12C1-4E03-A706-C14FE81A5676}.Debug|x86.Build.0 = Debug|Any CPU
		{8446F244-12C1-4E03-A706-C14FE81A5676}.DEMO|Any CPU.ActiveCfg = Debug|Any CPU
		{8446F244-12C1-4E03-A706-C14FE81A5676}.DEMO|Any CPU.Build.0 = Debug|Any CPU
		{8446F244-12C1-4E03-A706-C14FE81A5676}.DEMO|x64.ActiveCfg = Debug|x64
		{8446F244-12C1-4E03-A706-C14FE81A5676}.DEMO|x64.Build.0 = Debug|x64
		{8446F244-12C1-4E03-A706-C14FE81A5676}.DEMO|x86.ActiveCfg = Debug|Any CPU
		{8446F244-12C1-4E03-A706-C14FE81A5676}.DEMO|x86.Build.0 = Debug|Any CPU
		{8446F244-12C1-4E03-A706-C14FE81A5676}.docs|Any CPU.ActiveCfg = Debug|Any CPU
		{8446F244-12C1-4E03-A706-C14FE81A5676}.docs|Any CPU.Build.0 = Debug|Any CPU
		{8446F244-12C1-4E03-A706-C14FE81A5676}.docs|x64.ActiveCfg = Debug|Any CPU
		{8446F244-12C1-4E03-A706-C14FE81A5676}.docs|x64.Build.0 = Debug|Any CPU
		{8446F244-12C1-4E03-A706-C14FE81A5676}.docs|x86.ActiveCfg = Debug|Any CPU
		{8446F244-12C1-4E03-A706-C14FE81A5676}.docs|x86.Build.0 = Debug|Any CPU
		{8446F244-12C1-4E03-A706-C14FE81A5676}.Publish|Any CPU.ActiveCfg = Release|Any CPU
		{8446F244-12C1-4E03-A706-C14FE81A5676}.Publish|Any CPU.Build.0 = Release|Any CPU
		{8446F244-12C1-4E03-A706-C14FE81A5676}.Publish|x64.ActiveCfg = Release|Any CPU
		{8446F244-12C1-4E03-A706-C14FE81A5676}.Publish|x64.Build.0 = Release|Any CPU
		{8446F244-12C1-4E03-A706-C14FE81A5676}.Publish|x86.ActiveCfg = Release|Any CPU
		{8446F244-12C1-4E03-A706-C14FE81A5676}.Publish|x86.Build.0 = Release|Any CPU
		{8446F244-12C1-4E03-A706-C14FE81A5676}.Release|Any CPU.ActiveCfg = Release|Any CPU
		{8446F244-12C1-4E03-A706-C14FE81A5676}.Release|Any CPU.Build.0 = Release|Any CPU
		{8446F244-12C1-4E03-A706-C14FE81A5676}.Release|x64.ActiveCfg = Release|x64
		{8446F244-12C1-4E03-A706-C14FE81A5676}.Release|x64.Build.0 = Release|x64
		{8446F244-12C1-4E03-A706-C14FE81A5676}.Release|x86.ActiveCfg = Release|Any CPU
		{8446F244-12C1-4E03-A706-C14FE81A5676}.Release|x86.Build.0 = Release|Any CPU
		{8446F244-12C1-4E03-A706-C14FE81A5676}.Release2|Any CPU.ActiveCfg = Release|Any CPU
		{8446F244-12C1-4E03-A706-C14FE81A5676}.Release2|Any CPU.Build.0 = Release|Any CPU
		{8446F244-12C1-4E03-A706-C14FE81A5676}.Release2|x64.ActiveCfg = Release|x64
		{8446F244-12C1-4E03-A706-C14FE81A5676}.Release2|x64.Build.0 = Release|x64
		{8446F244-12C1-4E03-A706-C14FE81A5676}.Release2|x86.ActiveCfg = Release|Any CPU
		{8446F244-12C1-4E03-A706-C14FE81A5676}.Release2|x86.Build.0 = Release|Any CPU
		{CFE2BFFA-32C6-4E60-9B19-BFA7387B8D92}.Debug|Any CPU.ActiveCfg = Debug|Any CPU
		{CFE2BFFA-32C6-4E60-9B19-BFA7387B8D92}.Debug|Any CPU.Build.0 = Debug|Any CPU
		{CFE2BFFA-32C6-4E60-9B19-BFA7387B8D92}.Debug|x64.ActiveCfg = Debug|x64
		{CFE2BFFA-32C6-4E60-9B19-BFA7387B8D92}.Debug|x64.Build.0 = Debug|x64
		{CFE2BFFA-32C6-4E60-9B19-BFA7387B8D92}.Debug|x86.ActiveCfg = Debug|Any CPU
		{CFE2BFFA-32C6-4E60-9B19-BFA7387B8D92}.Debug|x86.Build.0 = Debug|Any CPU
		{CFE2BFFA-32C6-4E60-9B19-BFA7387B8D92}.DEMO|Any CPU.ActiveCfg = Debug|Any CPU
		{CFE2BFFA-32C6-4E60-9B19-BFA7387B8D92}.DEMO|Any CPU.Build.0 = Debug|Any CPU
		{CFE2BFFA-32C6-4E60-9B19-BFA7387B8D92}.DEMO|x64.ActiveCfg = Debug|Any CPU
		{CFE2BFFA-32C6-4E60-9B19-BFA7387B8D92}.DEMO|x64.Build.0 = Debug|Any CPU
		{CFE2BFFA-32C6-4E60-9B19-BFA7387B8D92}.DEMO|x86.ActiveCfg = Debug|Any CPU
		{CFE2BFFA-32C6-4E60-9B19-BFA7387B8D92}.DEMO|x86.Build.0 = Debug|Any CPU
		{CFE2BFFA-32C6-4E60-9B19-BFA7387B8D92}.docs|Any CPU.ActiveCfg = Debug|Any CPU
		{CFE2BFFA-32C6-4E60-9B19-BFA7387B8D92}.docs|Any CPU.Build.0 = Debug|Any CPU
		{CFE2BFFA-32C6-4E60-9B19-BFA7387B8D92}.docs|x64.ActiveCfg = Debug|Any CPU
		{CFE2BFFA-32C6-4E60-9B19-BFA7387B8D92}.docs|x64.Build.0 = Debug|Any CPU
		{CFE2BFFA-32C6-4E60-9B19-BFA7387B8D92}.docs|x86.ActiveCfg = Debug|Any CPU
		{CFE2BFFA-32C6-4E60-9B19-BFA7387B8D92}.docs|x86.Build.0 = Debug|Any CPU
		{CFE2BFFA-32C6-4E60-9B19-BFA7387B8D92}.Publish|Any CPU.ActiveCfg = Release|Any CPU
		{CFE2BFFA-32C6-4E60-9B19-BFA7387B8D92}.Publish|Any CPU.Build.0 = Release|Any CPU
		{CFE2BFFA-32C6-4E60-9B19-BFA7387B8D92}.Publish|x64.ActiveCfg = Release|Any CPU
		{CFE2BFFA-32C6-4E60-9B19-BFA7387B8D92}.Publish|x64.Build.0 = Release|Any CPU
		{CFE2BFFA-32C6-4E60-9B19-BFA7387B8D92}.Publish|x86.ActiveCfg = Release|Any CPU
		{CFE2BFFA-32C6-4E60-9B19-BFA7387B8D92}.Publish|x86.Build.0 = Release|Any CPU
		{CFE2BFFA-32C6-4E60-9B19-BFA7387B8D92}.Release|Any CPU.ActiveCfg = Release|Any CPU
		{CFE2BFFA-32C6-4E60-9B19-BFA7387B8D92}.Release|Any CPU.Build.0 = Release|Any CPU
		{CFE2BFFA-32C6-4E60-9B19-BFA7387B8D92}.Release|x64.ActiveCfg = Release|x64
		{CFE2BFFA-32C6-4E60-9B19-BFA7387B8D92}.Release|x64.Build.0 = Release|x64
		{CFE2BFFA-32C6-4E60-9B19-BFA7387B8D92}.Release|x86.ActiveCfg = Release|Any CPU
		{CFE2BFFA-32C6-4E60-9B19-BFA7387B8D92}.Release|x86.Build.0 = Release|Any CPU
		{CFE2BFFA-32C6-4E60-9B19-BFA7387B8D92}.Release2|Any CPU.ActiveCfg = Release|Any CPU
		{CFE2BFFA-32C6-4E60-9B19-BFA7387B8D92}.Release2|Any CPU.Build.0 = Release|Any CPU
		{CFE2BFFA-32C6-4E60-9B19-BFA7387B8D92}.Release2|x64.ActiveCfg = Release|Any CPU
		{CFE2BFFA-32C6-4E60-9B19-BFA7387B8D92}.Release2|x64.Build.0 = Release|Any CPU
		{CFE2BFFA-32C6-4E60-9B19-BFA7387B8D92}.Release2|x86.ActiveCfg = Release|Any CPU
		{CFE2BFFA-32C6-4E60-9B19-BFA7387B8D92}.Release2|x86.Build.0 = Release|Any CPU
		{FECCE1FD-E1D4-49E3-A668-60BB5E7AED99}.Debug|Any CPU.ActiveCfg = Debug|Any CPU
		{FECCE1FD-E1D4-49E3-A668-60BB5E7AED99}.Debug|Any CPU.Build.0 = Debug|Any CPU
		{FECCE1FD-E1D4-49E3-A668-60BB5E7AED99}.Debug|x64.ActiveCfg = Debug|x64
		{FECCE1FD-E1D4-49E3-A668-60BB5E7AED99}.Debug|x64.Build.0 = Debug|x64
		{FECCE1FD-E1D4-49E3-A668-60BB5E7AED99}.Debug|x86.ActiveCfg = Debug|x86
		{FECCE1FD-E1D4-49E3-A668-60BB5E7AED99}.Debug|x86.Build.0 = Debug|x86
		{FECCE1FD-E1D4-49E3-A668-60BB5E7AED99}.DEMO|Any CPU.ActiveCfg = DEMO|Any CPU
		{FECCE1FD-E1D4-49E3-A668-60BB5E7AED99}.DEMO|Any CPU.Build.0 = DEMO|Any CPU
		{FECCE1FD-E1D4-49E3-A668-60BB5E7AED99}.DEMO|x64.ActiveCfg = DEMO|x64
		{FECCE1FD-E1D4-49E3-A668-60BB5E7AED99}.DEMO|x64.Build.0 = DEMO|x64
		{FECCE1FD-E1D4-49E3-A668-60BB5E7AED99}.DEMO|x86.ActiveCfg = DEMO|x86
		{FECCE1FD-E1D4-49E3-A668-60BB5E7AED99}.DEMO|x86.Build.0 = DEMO|x86
		{FECCE1FD-E1D4-49E3-A668-60BB5E7AED99}.docs|Any CPU.ActiveCfg = docs|Any CPU
		{FECCE1FD-E1D4-49E3-A668-60BB5E7AED99}.docs|Any CPU.Build.0 = docs|Any CPU
		{FECCE1FD-E1D4-49E3-A668-60BB5E7AED99}.docs|x64.ActiveCfg = docs|x64
		{FECCE1FD-E1D4-49E3-A668-60BB5E7AED99}.docs|x64.Build.0 = docs|x64
		{FECCE1FD-E1D4-49E3-A668-60BB5E7AED99}.docs|x86.ActiveCfg = docs|x86
		{FECCE1FD-E1D4-49E3-A668-60BB5E7AED99}.docs|x86.Build.0 = docs|x86
		{FECCE1FD-E1D4-49E3-A668-60BB5E7AED99}.Publish|Any CPU.ActiveCfg = Publish|Any CPU
		{FECCE1FD-E1D4-49E3-A668-60BB5E7AED99}.Publish|Any CPU.Build.0 = Publish|Any CPU
		{FECCE1FD-E1D4-49E3-A668-60BB5E7AED99}.Publish|x64.ActiveCfg = Publish|x64
		{FECCE1FD-E1D4-49E3-A668-60BB5E7AED99}.Publish|x64.Build.0 = Publish|x64
		{FECCE1FD-E1D4-49E3-A668-60BB5E7AED99}.Publish|x86.ActiveCfg = Publish|x86
		{FECCE1FD-E1D4-49E3-A668-60BB5E7AED99}.Publish|x86.Build.0 = Publish|x86
		{FECCE1FD-E1D4-49E3-A668-60BB5E7AED99}.Release|Any CPU.ActiveCfg = Release|Any CPU
		{FECCE1FD-E1D4-49E3-A668-60BB5E7AED99}.Release|Any CPU.Build.0 = Release|Any CPU
		{FECCE1FD-E1D4-49E3-A668-60BB5E7AED99}.Release|x64.ActiveCfg = Release|x64
		{FECCE1FD-E1D4-49E3-A668-60BB5E7AED99}.Release|x64.Build.0 = Release|x64
		{FECCE1FD-E1D4-49E3-A668-60BB5E7AED99}.Release|x86.ActiveCfg = Release|x86
		{FECCE1FD-E1D4-49E3-A668-60BB5E7AED99}.Release|x86.Build.0 = Release|x86
		{FECCE1FD-E1D4-49E3-A668-60BB5E7AED99}.Release2|Any CPU.ActiveCfg = Release2|Any CPU
		{FECCE1FD-E1D4-49E3-A668-60BB5E7AED99}.Release2|Any CPU.Build.0 = Release2|Any CPU
		{FECCE1FD-E1D4-49E3-A668-60BB5E7AED99}.Release2|x64.ActiveCfg = Release2|x64
		{FECCE1FD-E1D4-49E3-A668-60BB5E7AED99}.Release2|x64.Build.0 = Release2|x64
		{FECCE1FD-E1D4-49E3-A668-60BB5E7AED99}.Release2|x86.ActiveCfg = Release2|x86
		{FECCE1FD-E1D4-49E3-A668-60BB5E7AED99}.Release2|x86.Build.0 = Release2|x86
		{2C34A044-1BDE-44E8-A86E-E9971C87DA21}.Debug|Any CPU.ActiveCfg = Debug|Any CPU
		{2C34A044-1BDE-44E8-A86E-E9971C87DA21}.Debug|Any CPU.Build.0 = Debug|Any CPU
		{2C34A044-1BDE-44E8-A86E-E9971C87DA21}.Debug|x64.ActiveCfg = Debug|x64
		{2C34A044-1BDE-44E8-A86E-E9971C87DA21}.Debug|x64.Build.0 = Debug|x64
		{2C34A044-1BDE-44E8-A86E-E9971C87DA21}.Debug|x86.ActiveCfg = Debug|x86
		{2C34A044-1BDE-44E8-A86E-E9971C87DA21}.Debug|x86.Build.0 = Debug|x86
		{2C34A044-1BDE-44E8-A86E-E9971C87DA21}.DEMO|Any CPU.ActiveCfg = Debug|Any CPU
		{2C34A044-1BDE-44E8-A86E-E9971C87DA21}.DEMO|Any CPU.Build.0 = Debug|Any CPU
		{2C34A044-1BDE-44E8-A86E-E9971C87DA21}.DEMO|x64.ActiveCfg = Debug|x64
		{2C34A044-1BDE-44E8-A86E-E9971C87DA21}.DEMO|x64.Build.0 = Debug|x64
		{2C34A044-1BDE-44E8-A86E-E9971C87DA21}.DEMO|x86.ActiveCfg = Debug|x86
		{2C34A044-1BDE-44E8-A86E-E9971C87DA21}.DEMO|x86.Build.0 = Debug|x86
		{2C34A044-1BDE-44E8-A86E-E9971C87DA21}.docs|Any CPU.ActiveCfg = docs|Any CPU
		{2C34A044-1BDE-44E8-A86E-E9971C87DA21}.docs|Any CPU.Build.0 = docs|Any CPU
		{2C34A044-1BDE-44E8-A86E-E9971C87DA21}.docs|x64.ActiveCfg = docs|x64
		{2C34A044-1BDE-44E8-A86E-E9971C87DA21}.docs|x64.Build.0 = docs|x64
		{2C34A044-1BDE-44E8-A86E-E9971C87DA21}.docs|x86.ActiveCfg = docs|x86
		{2C34A044-1BDE-44E8-A86E-E9971C87DA21}.docs|x86.Build.0 = docs|x86
		{2C34A044-1BDE-44E8-A86E-E9971C87DA21}.Publish|Any CPU.ActiveCfg = Publish|Any CPU
		{2C34A044-1BDE-44E8-A86E-E9971C87DA21}.Publish|Any CPU.Build.0 = Publish|Any CPU
		{2C34A044-1BDE-44E8-A86E-E9971C87DA21}.Publish|x64.ActiveCfg = Publish|x64
		{2C34A044-1BDE-44E8-A86E-E9971C87DA21}.Publish|x64.Build.0 = Publish|x64
		{2C34A044-1BDE-44E8-A86E-E9971C87DA21}.Publish|x86.ActiveCfg = Publish|x86
		{2C34A044-1BDE-44E8-A86E-E9971C87DA21}.Publish|x86.Build.0 = Publish|x86
		{2C34A044-1BDE-44E8-A86E-E9971C87DA21}.Release|Any CPU.ActiveCfg = Release|Any CPU
		{2C34A044-1BDE-44E8-A86E-E9971C87DA21}.Release|Any CPU.Build.0 = Release|Any CPU
		{2C34A044-1BDE-44E8-A86E-E9971C87DA21}.Release|x64.ActiveCfg = Release|x64
		{2C34A044-1BDE-44E8-A86E-E9971C87DA21}.Release|x64.Build.0 = Release|x64
		{2C34A044-1BDE-44E8-A86E-E9971C87DA21}.Release|x86.ActiveCfg = Release|x86
		{2C34A044-1BDE-44E8-A86E-E9971C87DA21}.Release|x86.Build.0 = Release|x86
		{2C34A044-1BDE-44E8-A86E-E9971C87DA21}.Release2|Any CPU.ActiveCfg = Release2|Any CPU
		{2C34A044-1BDE-44E8-A86E-E9971C87DA21}.Release2|Any CPU.Build.0 = Release2|Any CPU
		{2C34A044-1BDE-44E8-A86E-E9971C87DA21}.Release2|x64.ActiveCfg = Release2|x64
		{2C34A044-1BDE-44E8-A86E-E9971C87DA21}.Release2|x64.Build.0 = Release2|x64
		{2C34A044-1BDE-44E8-A86E-E9971C87DA21}.Release2|x86.ActiveCfg = Release2|x86
		{2C34A044-1BDE-44E8-A86E-E9971C87DA21}.Release2|x86.Build.0 = Release2|x86
		{7283C179-F852-4EAD-8D8F-B82EF2CBD7DB}.Debug|Any CPU.ActiveCfg = Debug|Any CPU
		{7283C179-F852-4EAD-8D8F-B82EF2CBD7DB}.Debug|Any CPU.Build.0 = Debug|Any CPU
		{7283C179-F852-4EAD-8D8F-B82EF2CBD7DB}.Debug|x64.ActiveCfg = Debug|x64
		{7283C179-F852-4EAD-8D8F-B82EF2CBD7DB}.Debug|x64.Build.0 = Debug|x64
		{7283C179-F852-4EAD-8D8F-B82EF2CBD7DB}.Debug|x86.ActiveCfg = Debug|x86
		{7283C179-F852-4EAD-8D8F-B82EF2CBD7DB}.Debug|x86.Build.0 = Debug|x86
		{7283C179-F852-4EAD-8D8F-B82EF2CBD7DB}.DEMO|Any CPU.ActiveCfg = Debug|Any CPU
		{7283C179-F852-4EAD-8D8F-B82EF2CBD7DB}.DEMO|Any CPU.Build.0 = Debug|Any CPU
		{7283C179-F852-4EAD-8D8F-B82EF2CBD7DB}.DEMO|x64.ActiveCfg = Debug|x64
		{7283C179-F852-4EAD-8D8F-B82EF2CBD7DB}.DEMO|x64.Build.0 = Debug|x64
		{7283C179-F852-4EAD-8D8F-B82EF2CBD7DB}.DEMO|x86.ActiveCfg = Debug|x86
		{7283C179-F852-4EAD-8D8F-B82EF2CBD7DB}.DEMO|x86.Build.0 = Debug|x86
		{7283C179-F852-4EAD-8D8F-B82EF2CBD7DB}.docs|Any CPU.ActiveCfg = docs|Any CPU
		{7283C179-F852-4EAD-8D8F-B82EF2CBD7DB}.docs|Any CPU.Build.0 = docs|Any CPU
		{7283C179-F852-4EAD-8D8F-B82EF2CBD7DB}.docs|x64.ActiveCfg = docs|x64
		{7283C179-F852-4EAD-8D8F-B82EF2CBD7DB}.docs|x64.Build.0 = docs|x64
		{7283C179-F852-4EAD-8D8F-B82EF2CBD7DB}.docs|x86.ActiveCfg = docs|x86
		{7283C179-F852-4EAD-8D8F-B82EF2CBD7DB}.docs|x86.Build.0 = docs|x86
		{7283C179-F852-4EAD-8D8F-B82EF2CBD7DB}.Publish|Any CPU.ActiveCfg = Publish|Any CPU
		{7283C179-F852-4EAD-8D8F-B82EF2CBD7DB}.Publish|Any CPU.Build.0 = Publish|Any CPU
		{7283C179-F852-4EAD-8D8F-B82EF2CBD7DB}.Publish|x64.ActiveCfg = Publish|x64
		{7283C179-F852-4EAD-8D8F-B82EF2CBD7DB}.Publish|x64.Build.0 = Publish|x64
		{7283C179-F852-4EAD-8D8F-B82EF2CBD7DB}.Publish|x86.ActiveCfg = Publish|x86
		{7283C179-F852-4EAD-8D8F-B82EF2CBD7DB}.Publish|x86.Build.0 = Publish|x86
		{7283C179-F852-4EAD-8D8F-B82EF2CBD7DB}.Release|Any CPU.ActiveCfg = Release|Any CPU
		{7283C179-F852-4EAD-8D8F-B82EF2CBD7DB}.Release|Any CPU.Build.0 = Release|Any CPU
		{7283C179-F852-4EAD-8D8F-B82EF2CBD7DB}.Release|x64.ActiveCfg = Release|x64
		{7283C179-F852-4EAD-8D8F-B82EF2CBD7DB}.Release|x64.Build.0 = Release|x64
		{7283C179-F852-4EAD-8D8F-B82EF2CBD7DB}.Release|x86.ActiveCfg = Release|x86
		{7283C179-F852-4EAD-8D8F-B82EF2CBD7DB}.Release|x86.Build.0 = Release|x86
		{7283C179-F852-4EAD-8D8F-B82EF2CBD7DB}.Release2|Any CPU.ActiveCfg = Release2|Any CPU
		{7283C179-F852-4EAD-8D8F-B82EF2CBD7DB}.Release2|Any CPU.Build.0 = Release2|Any CPU
		{7283C179-F852-4EAD-8D8F-B82EF2CBD7DB}.Release2|x64.ActiveCfg = Release2|x64
		{7283C179-F852-4EAD-8D8F-B82EF2CBD7DB}.Release2|x64.Build.0 = Release2|x64
		{7283C179-F852-4EAD-8D8F-B82EF2CBD7DB}.Release2|x86.ActiveCfg = Release2|x86
		{7283C179-F852-4EAD-8D8F-B82EF2CBD7DB}.Release2|x86.Build.0 = Release2|x86
		{6FBB3D95-4D76-42B8-A991-A4BEED9831BC}.Debug|Any CPU.ActiveCfg = Debug|Any CPU
		{6FBB3D95-4D76-42B8-A991-A4BEED9831BC}.Debug|Any CPU.Build.0 = Debug|Any CPU
		{6FBB3D95-4D76-42B8-A991-A4BEED9831BC}.Debug|x64.ActiveCfg = Debug|Any CPU
		{6FBB3D95-4D76-42B8-A991-A4BEED9831BC}.Debug|x64.Build.0 = Debug|Any CPU
		{6FBB3D95-4D76-42B8-A991-A4BEED9831BC}.Debug|x86.ActiveCfg = Debug|Any CPU
		{6FBB3D95-4D76-42B8-A991-A4BEED9831BC}.Debug|x86.Build.0 = Debug|Any CPU
		{6FBB3D95-4D76-42B8-A991-A4BEED9831BC}.DEMO|Any CPU.ActiveCfg = Debug|Any CPU
		{6FBB3D95-4D76-42B8-A991-A4BEED9831BC}.DEMO|Any CPU.Build.0 = Debug|Any CPU
		{6FBB3D95-4D76-42B8-A991-A4BEED9831BC}.DEMO|x64.ActiveCfg = Debug|Any CPU
		{6FBB3D95-4D76-42B8-A991-A4BEED9831BC}.DEMO|x64.Build.0 = Debug|Any CPU
		{6FBB3D95-4D76-42B8-A991-A4BEED9831BC}.DEMO|x86.ActiveCfg = Debug|Any CPU
		{6FBB3D95-4D76-42B8-A991-A4BEED9831BC}.DEMO|x86.Build.0 = Debug|Any CPU
		{6FBB3D95-4D76-42B8-A991-A4BEED9831BC}.docs|Any CPU.ActiveCfg = Debug|Any CPU
		{6FBB3D95-4D76-42B8-A991-A4BEED9831BC}.docs|Any CPU.Build.0 = Debug|Any CPU
		{6FBB3D95-4D76-42B8-A991-A4BEED9831BC}.docs|x64.ActiveCfg = Debug|Any CPU
		{6FBB3D95-4D76-42B8-A991-A4BEED9831BC}.docs|x64.Build.0 = Debug|Any CPU
		{6FBB3D95-4D76-42B8-A991-A4BEED9831BC}.docs|x86.ActiveCfg = Debug|Any CPU
		{6FBB3D95-4D76-42B8-A991-A4BEED9831BC}.docs|x86.Build.0 = Debug|Any CPU
		{6FBB3D95-4D76-42B8-A991-A4BEED9831BC}.Publish|Any CPU.ActiveCfg = Release|Any CPU
		{6FBB3D95-4D76-42B8-A991-A4BEED9831BC}.Publish|Any CPU.Build.0 = Release|Any CPU
		{6FBB3D95-4D76-42B8-A991-A4BEED9831BC}.Publish|x64.ActiveCfg = Release|Any CPU
		{6FBB3D95-4D76-42B8-A991-A4BEED9831BC}.Publish|x64.Build.0 = Release|Any CPU
		{6FBB3D95-4D76-42B8-A991-A4BEED9831BC}.Publish|x86.ActiveCfg = Release|Any CPU
		{6FBB3D95-4D76-42B8-A991-A4BEED9831BC}.Publish|x86.Build.0 = Release|Any CPU
		{6FBB3D95-4D76-42B8-A991-A4BEED9831BC}.Release|Any CPU.ActiveCfg = Release|Any CPU
		{6FBB3D95-4D76-42B8-A991-A4BEED9831BC}.Release|Any CPU.Build.0 = Release|Any CPU
		{6FBB3D95-4D76-42B8-A991-A4BEED9831BC}.Release|x64.ActiveCfg = Release|x64
		{6FBB3D95-4D76-42B8-A991-A4BEED9831BC}.Release|x64.Build.0 = Release|x64
		{6FBB3D95-4D76-42B8-A991-A4BEED9831BC}.Release|x86.ActiveCfg = Release|Any CPU
		{6FBB3D95-4D76-42B8-A991-A4BEED9831BC}.Release|x86.Build.0 = Release|Any CPU
		{6FBB3D95-4D76-42B8-A991-A4BEED9831BC}.Release2|Any CPU.ActiveCfg = Release|Any CPU
		{6FBB3D95-4D76-42B8-A991-A4BEED9831BC}.Release2|Any CPU.Build.0 = Release|Any CPU
		{6FBB3D95-4D76-42B8-A991-A4BEED9831BC}.Release2|x64.ActiveCfg = Release|Any CPU
		{6FBB3D95-4D76-42B8-A991-A4BEED9831BC}.Release2|x64.Build.0 = Release|Any CPU
		{6FBB3D95-4D76-42B8-A991-A4BEED9831BC}.Release2|x86.ActiveCfg = Release|Any CPU
		{6FBB3D95-4D76-42B8-A991-A4BEED9831BC}.Release2|x86.Build.0 = Release|Any CPU
		{D1774C01-3065-4E6B-BCF5-F7856FBDBDDE}.Debug|Any CPU.ActiveCfg = Debug|Any CPU
		{D1774C01-3065-4E6B-BCF5-F7856FBDBDDE}.Debug|Any CPU.Build.0 = Debug|Any CPU
		{D1774C01-3065-4E6B-BCF5-F7856FBDBDDE}.Debug|x64.ActiveCfg = Debug|Any CPU
		{D1774C01-3065-4E6B-BCF5-F7856FBDBDDE}.Debug|x64.Build.0 = Debug|Any CPU
		{D1774C01-3065-4E6B-BCF5-F7856FBDBDDE}.Debug|x86.ActiveCfg = Debug|Any CPU
		{D1774C01-3065-4E6B-BCF5-F7856FBDBDDE}.Debug|x86.Build.0 = Debug|Any CPU
		{D1774C01-3065-4E6B-BCF5-F7856FBDBDDE}.DEMO|Any CPU.ActiveCfg = Debug|Any CPU
		{D1774C01-3065-4E6B-BCF5-F7856FBDBDDE}.DEMO|Any CPU.Build.0 = Debug|Any CPU
		{D1774C01-3065-4E6B-BCF5-F7856FBDBDDE}.DEMO|x64.ActiveCfg = Debug|Any CPU
		{D1774C01-3065-4E6B-BCF5-F7856FBDBDDE}.DEMO|x64.Build.0 = Debug|Any CPU
		{D1774C01-3065-4E6B-BCF5-F7856FBDBDDE}.DEMO|x86.ActiveCfg = Debug|Any CPU
		{D1774C01-3065-4E6B-BCF5-F7856FBDBDDE}.DEMO|x86.Build.0 = Debug|Any CPU
		{D1774C01-3065-4E6B-BCF5-F7856FBDBDDE}.docs|Any CPU.ActiveCfg = Debug|Any CPU
		{D1774C01-3065-4E6B-BCF5-F7856FBDBDDE}.docs|Any CPU.Build.0 = Debug|Any CPU
		{D1774C01-3065-4E6B-BCF5-F7856FBDBDDE}.docs|x64.ActiveCfg = Debug|Any CPU
		{D1774C01-3065-4E6B-BCF5-F7856FBDBDDE}.docs|x64.Build.0 = Debug|Any CPU
		{D1774C01-3065-4E6B-BCF5-F7856FBDBDDE}.docs|x86.ActiveCfg = Debug|Any CPU
		{D1774C01-3065-4E6B-BCF5-F7856FBDBDDE}.docs|x86.Build.0 = Debug|Any CPU
		{D1774C01-3065-4E6B-BCF5-F7856FBDBDDE}.Publish|Any CPU.ActiveCfg = Release|Any CPU
		{D1774C01-3065-4E6B-BCF5-F7856FBDBDDE}.Publish|Any CPU.Build.0 = Release|Any CPU
		{D1774C01-3065-4E6B-BCF5-F7856FBDBDDE}.Publish|x64.ActiveCfg = Release|Any CPU
		{D1774C01-3065-4E6B-BCF5-F7856FBDBDDE}.Publish|x64.Build.0 = Release|Any CPU
		{D1774C01-3065-4E6B-BCF5-F7856FBDBDDE}.Publish|x86.ActiveCfg = Release|Any CPU
		{D1774C01-3065-4E6B-BCF5-F7856FBDBDDE}.Publish|x86.Build.0 = Release|Any CPU
		{D1774C01-3065-4E6B-BCF5-F7856FBDBDDE}.Release|Any CPU.ActiveCfg = Release|Any CPU
		{D1774C01-3065-4E6B-BCF5-F7856FBDBDDE}.Release|Any CPU.Build.0 = Release|Any CPU
		{D1774C01-3065-4E6B-BCF5-F7856FBDBDDE}.Release|x64.ActiveCfg = Release|x64
		{D1774C01-3065-4E6B-BCF5-F7856FBDBDDE}.Release|x64.Build.0 = Release|x64
		{D1774C01-3065-4E6B-BCF5-F7856FBDBDDE}.Release|x86.ActiveCfg = Release|Any CPU
		{D1774C01-3065-4E6B-BCF5-F7856FBDBDDE}.Release|x86.Build.0 = Release|Any CPU
		{D1774C01-3065-4E6B-BCF5-F7856FBDBDDE}.Release2|Any CPU.ActiveCfg = Release|Any CPU
		{D1774C01-3065-4E6B-BCF5-F7856FBDBDDE}.Release2|Any CPU.Build.0 = Release|Any CPU
		{D1774C01-3065-4E6B-BCF5-F7856FBDBDDE}.Release2|x64.ActiveCfg = Release|Any CPU
		{D1774C01-3065-4E6B-BCF5-F7856FBDBDDE}.Release2|x64.Build.0 = Release|Any CPU
		{D1774C01-3065-4E6B-BCF5-F7856FBDBDDE}.Release2|x86.ActiveCfg = Release|Any CPU
		{D1774C01-3065-4E6B-BCF5-F7856FBDBDDE}.Release2|x86.Build.0 = Release|Any CPU
	EndGlobalSection
	GlobalSection(SolutionProperties) = preSolution
		HideSolutionNode = FALSE
	EndGlobalSection
	GlobalSection(NestedProjects) = preSolution
		{FECCE1FD-E1D4-49E3-A668-60BB5E7AED99} = {BF25C6AC-7030-4872-859F-B7E38ECC17AF}
		{2C34A044-1BDE-44E8-A86E-E9971C87DA21} = {BF25C6AC-7030-4872-859F-B7E38ECC17AF}
		{7283C179-F852-4EAD-8D8F-B82EF2CBD7DB} = {BF25C6AC-7030-4872-859F-B7E38ECC17AF}
		{6FBB3D95-4D76-42B8-A991-A4BEED9831BC} = {BF25C6AC-7030-4872-859F-B7E38ECC17AF}
	EndGlobalSection
EndGlobal
